
Microsoft Visual Studio Solution File, Format Version 12.00
# Visual Studio Version 16
VisualStudioVersion = 16.0.30413.136
MinimumVisualStudioVersion = 10.0.40219.1
Project("{FAE04EC0-301F-11D3-BF4B-00C04F79EFBC}") = "AutonationFirst", "AutonationFirst.csproj", "{08D03B55-5890-4BD7-9289-75AB76711573}"
EndProject
Global
	GlobalSection(SolutionConfigurationPlatforms) = preSolution
		Debug|Any CPU = Debug|Any CPU
		Release|Any CPU = Release|Any CPU
	EndGlobalSection
	GlobalSection(ProjectConfigurationPlatforms) = postSolution
		{08D03B55-5890-4BD7-9289-75AB76711573}.Debug|Any CPU.ActiveCfg = Debug|Any CPU
		{08D03B55-5890-4BD7-9289-75AB76711573}.Debug|Any CPU.Build.0 = Debug|Any CPU
		{08D03B55-5890-4BD7-9289-75AB76711573}.Release|Any CPU.ActiveCfg = Release|Any CPU
		{08D03B55-5890-4BD7-9289-75AB76711573}.Release|Any CPU.Build.0 = Release|Any CPU
	EndGlobalSection
	GlobalSection(SolutionProperties) = preSolution
		HideSolutionNode = FALSE
	EndGlobalSection
	GlobalSection(ExtensibilityGlobals) = postSolution
		SolutionGuid = {50559925-40BF-4F8E-AA9D-A6D0BF761C53}
	EndGlobalSection
EndGlobal
